
Microsoft Visual Studio Solution File, Format Version 12.00
# Visual Studio Version 17
VisualStudioVersion = 17.11.35327.3
MinimumVisualStudioVersion = 10.0.40219.1
Project("{9A19103F-16F7-4668-BE54-9A1E7A4F7556}") = "Eksamenprogrammering3-2025", "Eksamenprogrammering3-2025.csproj", "{FDAF206C-A398-43C6-B1EE-3863C52D1E81}"
EndProject
Project("{9A19103F-16F7-4668-BE54-9A1E7A4F7556}") = "UnitTestOpgave9", "..\UnitTestEksamen2025\UnitTestOpgave9.csproj", "{21230667-27A7-469C-B798-5D254DEB4396}"
EndProject
Project("{9A19103F-16F7-4668-BE54-9A1E7A4F7556}") = "UnitTestDelopgave16", "..\UnittestDistanceSensorReader\UnitTestDelopgave16.csproj", "{F85C24CD-7DB9-424A-8FF3-1129048359BA}"
EndProject
Global
	GlobalSection(SolutionConfigurationPlatforms) = preSolution
		Debug|Any CPU = Debug|Any CPU
		Release|Any CPU = Release|Any CPU
	EndGlobalSection
	GlobalSection(ProjectConfigurationPlatforms) = postSolution
		{FDAF206C-A398-43C6-B1EE-3863C52D1E81}.Debug|Any CPU.ActiveCfg = Debug|Any CPU
		{FDAF206C-A398-43C6-B1EE-3863C52D1E81}.Debug|Any CPU.Build.0 = Debug|Any CPU
		{FDAF206C-A398-43C6-B1EE-3863C52D1E81}.Release|Any CPU.ActiveCfg = Release|Any CPU
		{FDAF206C-A398-43C6-B1EE-3863C52D1E81}.Release|Any CPU.Build.0 = Release|Any CPU
		{21230667-27A7-469C-B798-5D254DEB4396}.Debug|Any CPU.ActiveCfg = Debug|Any CPU
		{21230667-27A7-469C-B798-5D254DEB4396}.Debug|Any CPU.Build.0 = Debug|Any CPU
		{21230667-27A7-469C-B798-5D254DEB4396}.Release|Any CPU.ActiveCfg = Release|Any CPU
		{21230667-27A7-469C-B798-5D254DEB4396}.Release|Any CPU.Build.0 = Release|Any CPU
		{F85C24CD-7DB9-424A-8FF3-1129048359BA}.Debug|Any CPU.ActiveCfg = Debug|Any CPU
		{F85C24CD-7DB9-424A-8FF3-1129048359BA}.Debug|Any CPU.Build.0 = Debug|Any CPU
		{F85C24CD-7DB9-424A-8FF3-1129048359BA}.Release|Any CPU.ActiveCfg = Release|Any CPU
		{F85C24CD-7DB9-424A-8FF3-1129048359BA}.Release|Any CPU.Build.0 = Release|Any CPU
	EndGlobalSection
	GlobalSection(SolutionProperties) = preSolution
		HideSolutionNode = FALSE
	EndGlobalSection
	GlobalSection(ExtensibilityGlobals) = postSolution
		SolutionGuid = {9BBCDB7D-E845-4C39-8F7E-6E174FCE571C}
	EndGlobalSection
EndGlobal
